{
  "R": {
    "Version": "4.4.1",
    "Repositories": [
      {
        "Name": "ropenscireviewtools",
        "URL": "https://ropensci-review-tools.r-universe.dev"
      },
      {
        "Name": "CRAN",
        "URL": "https://cloud.r-project.org"
      }
    ]
  },
  "Packages": {
    "praise": {
      "Package": "praise",
      "Version": "1.0.0",
      "Source": "Repository",
      "Repository": "CRAN",
      "Hash": "a555924add98c99d2f411e37e7d25e9f"
    }
  }
}
